
Microsoft Visual Studio Solution File, Format Version 12.00
# Visual Studio Version 17
VisualStudioVersion = 17.0.31512.422
MinimumVisualStudioVersion = 10.0.40219.1
Project("{8BC9CEB8-8B4A-11D0-8D11-00A0C91BC942}") = "Friend Function", "Friend Function\Friend Function.vcxproj", "{CD4C85EB-AC7D-417F-8DFB-F3D30B01B7D4}"
EndProject
Global
	GlobalSection(SolutionConfigurationPlatforms) = preSolution
		Debug|x64 = Debug|x64
		Debug|x86 = Debug|x86
		Release|x64 = Release|x64
		Release|x86 = Release|x86
	EndGlobalSection
	GlobalSection(ProjectConfigurationPlatforms) = postSolution
		{CD4C85EB-AC7D-417F-8DFB-F3D30B01B7D4}.Debug|x64.ActiveCfg = Debug|x64
		{CD4C85EB-AC7D-417F-8DFB-F3D30B01B7D4}.Debug|x64.Build.0 = Debug|x64
		{CD4C85EB-AC7D-417F-8DFB-F3D30B01B7D4}.Debug|x86.ActiveCfg = Debug|Win32
		{CD4C85EB-AC7D-417F-8DFB-F3D30B01B7D4}.Debug|x86.Build.0 = Debug|Win32
		{CD4C85EB-AC7D-417F-8DFB-F3D30B01B7D4}.Release|x64.ActiveCfg = Release|x64
		{CD4C85EB-AC7D-417F-8DFB-F3D30B01B7D4}.Release|x64.Build.0 = Release|x64
		{CD4C85EB-AC7D-417F-8DFB-F3D30B01B7D4}.Release|x86.ActiveCfg = Release|Win32
		{CD4C85EB-AC7D-417F-8DFB-F3D30B01B7D4}.Release|x86.Build.0 = Release|Win32
	EndGlobalSection
	GlobalSection(SolutionProperties) = preSolution
		HideSolutionNode = FALSE
	EndGlobalSection
	GlobalSection(ExtensibilityGlobals) = postSolution
		SolutionGuid = {C0F65E3D-10A1-458F-8A12-EAB5723E15B8}
	EndGlobalSection
EndGlobal
